
Microsoft Visual Studio Solution File, Format Version 12.00
# Visual Studio Version 16
VisualStudioVersion = 16.0.28803.352
MinimumVisualStudioVersion = 10.0.40219.1
Project("{FAE04EC0-301F-11D3-BF4B-00C04F79EFBC}") = "TOM87", "TOM87\TOM87.csproj", "{8F60B4CF-A675-47B3-BAEF-0EFB289EBEDC}"
EndProject
Global
	GlobalSection(SolutionConfigurationPlatforms) = preSolution
		Debug|Any CPU = Debug|Any CPU
		Release|Any CPU = Release|Any CPU
	EndGlobalSection
	GlobalSection(ProjectConfigurationPlatforms) = postSolution
		{8F60B4CF-A675-47B3-BAEF-0EFB289EBEDC}.Debug|Any CPU.ActiveCfg = Debug|Any CPU
		{8F60B4CF-A675-47B3-BAEF-0EFB289EBEDC}.Debug|Any CPU.Build.0 = Debug|Any CPU
		{8F60B4CF-A675-47B3-BAEF-0EFB289EBEDC}.Release|Any CPU.ActiveCfg = Release|Any CPU
		{8F60B4CF-A675-47B3-BAEF-0EFB289EBEDC}.Release|Any CPU.Build.0 = Release|Any CPU
	EndGlobalSection
	GlobalSection(SolutionProperties) = preSolution
		HideSolutionNode = FALSE
	EndGlobalSection
	GlobalSection(ExtensibilityGlobals) = postSolution
		SolutionGuid = {BFE59020-A3F4-4829-A4C0-74D6306BEBDA}
	EndGlobalSection
EndGlobal
